
Microsoft Visual Studio Solution File, Format Version 12.00
# Visual Studio Version 17
VisualStudioVersion = 17.5.002.0
MinimumVisualStudioVersion = 10.0.40219.1
Project("{9A19103F-16F7-4668-BE54-9A1E7A4F7556}") = "Advent2023", "Advent2023\Advent2023.csproj", "{AABD8A3F-E476-4B9A-9863-C2DB3C45F265}"
EndProject
Project("{FAE04EC0-301F-11D3-BF4B-00C04F79EFBC}") = "AdventTest2023", "AdventTest2023\AdventTest2023.csproj", "{84B7A930-5DDC-471D-B7FD-6285CDE16F48}"
EndProject
Global
	GlobalSection(SolutionConfigurationPlatforms) = preSolution
		Debug|Any CPU = Debug|Any CPU
		Release|Any CPU = Release|Any CPU
	EndGlobalSection
	GlobalSection(ProjectConfigurationPlatforms) = postSolution
		{AABD8A3F-E476-4B9A-9863-C2DB3C45F265}.Debug|Any CPU.ActiveCfg = Debug|Any CPU
		{AABD8A3F-E476-4B9A-9863-C2DB3C45F265}.Debug|Any CPU.Build.0 = Debug|Any CPU
		{AABD8A3F-E476-4B9A-9863-C2DB3C45F265}.Release|Any CPU.ActiveCfg = Release|Any CPU
		{AABD8A3F-E476-4B9A-9863-C2DB3C45F265}.Release|Any CPU.Build.0 = Release|Any CPU
		{84B7A930-5DDC-471D-B7FD-6285CDE16F48}.Debug|Any CPU.ActiveCfg = Debug|Any CPU
		{84B7A930-5DDC-471D-B7FD-6285CDE16F48}.Debug|Any CPU.Build.0 = Debug|Any CPU
		{84B7A930-5DDC-471D-B7FD-6285CDE16F48}.Release|Any CPU.ActiveCfg = Release|Any CPU
		{84B7A930-5DDC-471D-B7FD-6285CDE16F48}.Release|Any CPU.Build.0 = Release|Any CPU
	EndGlobalSection
	GlobalSection(SolutionProperties) = preSolution
		HideSolutionNode = FALSE
	EndGlobalSection
	GlobalSection(ExtensibilityGlobals) = postSolution
		SolutionGuid = {C2626B3D-584E-42E2-8728-BF727F34179A}
	EndGlobalSection
EndGlobal
